// !$*UTF8*$!
{
	archiveVersion = 1;
	classes = {
	};
	objectVersion = 50;
	objects = {

/* Begin PBXBuildFile section */
		491B3A5D26A307AE0069F444 /* Array+.swift in Sources */ = {isa = PBXBuildFile; fileRef = 491B3A5C26A307AE0069F444 /* Array+.swift */; };
		491B3A5F26A440F50069F444 /* AspectVGrid.swift in Sources */ = {isa = PBXBuildFile; fileRef = 491B3A5E26A440F50069F444 /* AspectVGrid.swift */; };
		4922B41626A5FEE5002A8109 /* Pie.swift in Sources */ = {isa = PBXBuildFile; fileRef = 4922B41526A5FEE4002A8109 /* Pie.swift */; };
		4942AB4426C1CACF00CF5B88 /* Cardify.swift in Sources */ = {isa = PBXBuildFile; fileRef = 4942AB4326C1CACF00CF5B88 /* Cardify.swift */; };
		4943A5DE277A4BC3007671D9 /* AddThemeView.swift in Sources */ = {isa = PBXBuildFile; fileRef = 4943A5DD277A4BC3007671D9 /* AddThemeView.swift */; };
		4943A5E0277A5979007671D9 /* Character+.swift in Sources */ = {isa = PBXBuildFile; fileRef = 4943A5DF277A5979007671D9 /* Character+.swift */; };
		4943A5E2277A611D007671D9 /* ColourPreview.swift in Sources */ = {isa = PBXBuildFile; fileRef = 4943A5E1277A611D007671D9 /* ColourPreview.swift */; };
		4943A5E4277A6134007671D9 /* ColourChoice.swift in Sources */ = {isa = PBXBuildFile; fileRef = 4943A5E3277A6134007671D9 /* ColourChoice.swift */; };
		4981421826909A9100C7B764 /* Stanford_MemorizeApp.swift in Sources */ = {isa = PBXBuildFile; fileRef = 4981421726909A9100C7B764 /* Stanford_MemorizeApp.swift */; };
		4981421C26909A9600C7B764 /* Assets.xcassets in Resources */ = {isa = PBXBuildFile; fileRef = 4981421B26909A9600C7B764 /* Assets.xcassets */; };
		4981421F26909A9600C7B764 /* Preview Assets.xcassets in Resources */ = {isa = PBXBuildFile; fileRef = 4981421E26909A9600C7B764 /* Preview Assets.xcassets */; };
		498142282690BF1800C7B764 /* MemoryGameView.swift in Sources */ = {isa = PBXBuildFile; fileRef = 498142272690BF1800C7B764 /* MemoryGameView.swift */; };
		4981422A2690BF2100C7B764 /* CardView.swift in Sources */ = {isa = PBXBuildFile; fileRef = 498142292690BF2100C7B764 /* CardView.swift */; };
		4981422E2690BFA100C7B764 /* ThemeView.swift in Sources */ = {isa = PBXBuildFile; fileRef = 4981422D2690BFA100C7B764 /* ThemeView.swift */; };
		498142302690BFAF00C7B764 /* ThemeListView.swift in Sources */ = {isa = PBXBuildFile; fileRef = 4981422F2690BFAF00C7B764 /* ThemeListView.swift */; };
		498142332690C03500C7B764 /* Theme.swift in Sources */ = {isa = PBXBuildFile; fileRef = 498142322690C03500C7B764 /* Theme.swift */; };
		498142372690C77300C7B764 /* ValidColour.swift in Sources */ = {isa = PBXBuildFile; fileRef = 498142362690C77300C7B764 /* ValidColour.swift */; };
		498142402696212400C7B764 /* MemoryGame.swift in Sources */ = {isa = PBXBuildFile; fileRef = 4981423F2696212400C7B764 /* MemoryGame.swift */; };
		498142422696237700C7B764 /* EmojiMemoryGame.swift in Sources */ = {isa = PBXBuildFile; fileRef = 498142412696237700C7B764 /* EmojiMemoryGame.swift */; };
		498142442699EA6C00C7B764 /* DefaultThemes.swift in Sources */ = {isa = PBXBuildFile; fileRef = 498142432699EA6C00C7B764 /* DefaultThemes.swift */; };
		498142472699F5A600C7B764 /* Color+.swift in Sources */ = {isa = PBXBuildFile; fileRef = 498142462699F5A600C7B764 /* Color+.swift */; };
		49A8D6632775ED9E00E851ED /* ThemeStore.swift in Sources */ = {isa = PBXBuildFile; fileRef = 49A8D6622775ED9E00E851ED /* ThemeStore.swift */; };
		49A8D6652775FE7300E851ED /* ThemeEditor.swift in Sources */ = {isa = PBXBuildFile; fileRef = 49A8D6642775FE7300E851ED /* ThemeEditor.swift */; };
		49A8D6672775FEDD00E851ED /* RangeReplaceableCollection+.swift in Sources */ = {isa = PBXBuildFile; fileRef = 49A8D6662775FEDD00E851ED /* RangeReplaceableCollection+.swift */; };
		49A8D6692775FF0F00E851ED /* Collection+.swift in Sources */ = {isa = PBXBuildFile; fileRef = 49A8D6682775FF0F00E851ED /* Collection+.swift */; };
		49B0F915277B6CFC00483084 /* DrawingConstants.swift in Sources */ = {isa = PBXBuildFile; fileRef = 49B0F914277B6CFC00483084 /* DrawingConstants.swift */; };
		49B943E2269F730200D9F90A /* View+.swift in Sources */ = {isa = PBXBuildFile; fileRef = 49B943E1269F730200D9F90A /* View+.swift */; };
/* End PBXBuildFile section */

/* Begin PBXFileReference section */
		491B3A5C26A307AE0069F444 /* Array+.swift */ = {isa = PBXFileReference; lastKnownFileType = sourcecode.swift; path = "Array+.swift"; sourceTree = "<group>"; };
		491B3A5E26A440F50069F444 /* AspectVGrid.swift */ = {isa = PBXFileReference; lastKnownFileType = sourcecode.swift; path = AspectVGrid.swift; sourceTree = "<group>"; };
		4922B41526A5FEE4002A8109 /* Pie.swift */ = {isa = PBXFileReference; lastKnownFileType = sourcecode.swift; path = Pie.swift; sourceTree = "<group>"; };
		4942AB4326C1CACF00CF5B88 /* Cardify.swift */ = {isa = PBXFileReference; lastKnownFileType = sourcecode.swift; path = Cardify.swift; sourceTree = "<group>"; };
		4943A5DD277A4BC3007671D9 /* AddThemeView.swift */ = {isa = PBXFileReference; lastKnownFileType = sourcecode.swift; path = AddThemeView.swift; sourceTree = "<group>"; };
		4943A5DF277A5979007671D9 /* Character+.swift */ = {isa = PBXFileReference; lastKnownFileType = sourcecode.swift; path = "Character+.swift"; sourceTree = "<group>"; };
		4943A5E1277A611D007671D9 /* ColourPreview.swift */ = {isa = PBXFileReference; lastKnownFileType = sourcecode.swift; path = ColourPreview.swift; sourceTree = "<group>"; };
		4943A5E3277A6134007671D9 /* ColourChoice.swift */ = {isa = PBXFileReference; lastKnownFileType = sourcecode.swift; path = ColourChoice.swift; sourceTree = "<group>"; };
		4981421426909A9100C7B764 /* Stanford_Memorize.app */ = {isa = PBXFileReference; explicitFileType = wrapper.application; includeInIndex = 0; path = Stanford_Memorize.app; sourceTree = BUILT_PRODUCTS_DIR; };
		4981421726909A9100C7B764 /* Stanford_MemorizeApp.swift */ = {isa = PBXFileReference; lastKnownFileType = sourcecode.swift; path = Stanford_MemorizeApp.swift; sourceTree = "<group>"; };
		4981421B26909A9600C7B764 /* Assets.xcassets */ = {isa = PBXFileReference; lastKnownFileType = folder.assetcatalog; path = Assets.xcassets; sourceTree = "<group>"; };
		4981421E26909A9600C7B764 /* Preview Assets.xcassets */ = {isa = PBXFileReference; lastKnownFileType = folder.assetcatalog; path = "Preview Assets.xcassets"; sourceTree = "<group>"; };
		4981422026909A9600C7B764 /* Info.plist */ = {isa = PBXFileReference; lastKnownFileType = text.plist.xml; path = Info.plist; sourceTree = "<group>"; };
		498142272690BF1800C7B764 /* MemoryGameView.swift */ = {isa = PBXFileReference; lastKnownFileType = sourcecode.swift; path = MemoryGameView.swift; sourceTree = "<group>"; };
		498142292690BF2100C7B764 /* CardView.swift */ = {isa = PBXFileReference; lastKnownFileType = sourcecode.swift; path = CardView.swift; sourceTree = "<group>"; };
		4981422D2690BFA100C7B764 /* ThemeView.swift */ = {isa = PBXFileReference; lastKnownFileType = sourcecode.swift; path = ThemeView.swift; sourceTree = "<group>"; };
		4981422F2690BFAF00C7B764 /* ThemeListView.swift */ = {isa = PBXFileReference; lastKnownFileType = sourcecode.swift; path = ThemeListView.swift; sourceTree = "<group>"; };
		498142322690C03500C7B764 /* Theme.swift */ = {isa = PBXFileReference; lastKnownFileType = sourcecode.swift; path = Theme.swift; sourceTree = "<group>"; };
		498142362690C77300C7B764 /* ValidColour.swift */ = {isa = PBXFileReference; lastKnownFileType = sourcecode.swift; path = ValidColour.swift; sourceTree = "<group>"; };
		4981423F2696212400C7B764 /* MemoryGame.swift */ = {isa = PBXFileReference; lastKnownFileType = sourcecode.swift; path = MemoryGame.swift; sourceTree = "<group>"; };
		498142412696237700C7B764 /* EmojiMemoryGame.swift */ = {isa = PBXFileReference; lastKnownFileType = sourcecode.swift; path = EmojiMemoryGame.swift; sourceTree = "<group>"; };
		498142432699EA6C00C7B764 /* DefaultThemes.swift */ = {isa = PBXFileReference; lastKnownFileType = sourcecode.swift; path = DefaultThemes.swift; sourceTree = "<group>"; };
		498142462699F5A600C7B764 /* Color+.swift */ = {isa = PBXFileReference; lastKnownFileType = sourcecode.swift; path = "Color+.swift"; sourceTree = "<group>"; };
		49A8D6622775ED9E00E851ED /* ThemeStore.swift */ = {isa = PBXFileReference; lastKnownFileType = sourcecode.swift; path = ThemeStore.swift; sourceTree = "<group>"; };
		49A8D6642775FE7300E851ED /* ThemeEditor.swift */ = {isa = PBXFileReference; lastKnownFileType = sourcecode.swift; path = ThemeEditor.swift; sourceTree = "<group>"; };
		49A8D6662775FEDD00E851ED /* RangeReplaceableCollection+.swift */ = {isa = PBXFileReference; lastKnownFileType = sourcecode.swift; path = "RangeReplaceableCollection+.swift"; sourceTree = "<group>"; };
		49A8D6682775FF0F00E851ED /* Collection+.swift */ = {isa = PBXFileReference; lastKnownFileType = sourcecode.swift; path = "Collection+.swift"; sourceTree = "<group>"; };
		49B0F914277B6CFC00483084 /* DrawingConstants.swift */ = {isa = PBXFileReference; lastKnownFileType = sourcecode.swift; path = DrawingConstants.swift; sourceTree = "<group>"; };
		49B943E1269F730200D9F90A /* View+.swift */ = {isa = PBXFileReference; lastKnownFileType = sourcecode.swift; path = "View+.swift"; sourceTree = "<group>"; };
/* End PBXFileReference section */

/* Begin PBXFrameworksBuildPhase section */
		4981421126909A9100C7B764 /* Frameworks */ = {
			isa = PBXFrameworksBuildPhase;
			buildActionMask = 2147483647;
			files = (
			);
			runOnlyForDeploymentPostprocessing = 0;
		};
/* End PBXFrameworksBuildPhase section */

/* Begin PBXGroup section */
		4942AB3E26C18E5E00CF5B88 /* ViewModifiers */ = {
			isa = PBXGroup;
			children = (
				4942AB4326C1CACF00CF5B88 /* Cardify.swift */,
			);
			path = ViewModifiers;
			sourceTree = "<group>";
		};
		4981420B26909A9100C7B764 = {
			isa = PBXGroup;
			children = (
				4981421626909A9100C7B764 /* Stanford_Memorize */,
				4981421526909A9100C7B764 /* Products */,
			);
			sourceTree = "<group>";
		};
		4981421526909A9100C7B764 /* Products */ = {
			isa = PBXGroup;
			children = (
				4981421426909A9100C7B764 /* Stanford_Memorize.app */,
			);
			name = Products;
			sourceTree = "<group>";
		};
		4981421626909A9100C7B764 /* Stanford_Memorize */ = {
			isa = PBXGroup;
			children = (
				4942AB3E26C18E5E00CF5B88 /* ViewModifiers */,
				498142452699F59500C7B764 /* Extensions */,
				498142312690C02C00C7B764 /* Models */,
				4981423E2696206D00C7B764 /* ViewModels */,
				498142262690BF0C00C7B764 /* Views */,
				4981421726909A9100C7B764 /* Stanford_MemorizeApp.swift */,
				4981421B26909A9600C7B764 /* Assets.xcassets */,
				4981422026909A9600C7B764 /* Info.plist */,
				4981421D26909A9600C7B764 /* Preview Content */,
			);
			path = Stanford_Memorize;
			sourceTree = "<group>";
		};
		4981421D26909A9600C7B764 /* Preview Content */ = {
			isa = PBXGroup;
			children = (
				4981421E26909A9600C7B764 /* Preview Assets.xcassets */,
			);
			path = "Preview Content";
			sourceTree = "<group>";
		};
		498142262690BF0C00C7B764 /* Views */ = {
			isa = PBXGroup;
			children = (
				498142272690BF1800C7B764 /* MemoryGameView.swift */,
				498142292690BF2100C7B764 /* CardView.swift */,
				4981422D2690BFA100C7B764 /* ThemeView.swift */,
				4981422F2690BFAF00C7B764 /* ThemeListView.swift */,
				491B3A5E26A440F50069F444 /* AspectVGrid.swift */,
				4922B41526A5FEE4002A8109 /* Pie.swift */,
				49A8D6642775FE7300E851ED /* ThemeEditor.swift */,
				4943A5DD277A4BC3007671D9 /* AddThemeView.swift */,
				4943A5E1277A611D007671D9 /* ColourPreview.swift */,
				4943A5E3277A6134007671D9 /* ColourChoice.swift */,
			);
			path = Views;
			sourceTree = "<group>";
		};
		498142312690C02C00C7B764 /* Models */ = {
			isa = PBXGroup;
			children = (
				498142322690C03500C7B764 /* Theme.swift */,
				498142362690C77300C7B764 /* ValidColour.swift */,
				4981423F2696212400C7B764 /* MemoryGame.swift */,
				498142432699EA6C00C7B764 /* DefaultThemes.swift */,
				49B0F914277B6CFC00483084 /* DrawingConstants.swift */,
			);
			path = Models;
			sourceTree = "<group>";
		};
		4981423E2696206D00C7B764 /* ViewModels */ = {
			isa = PBXGroup;
			children = (
				498142412696237700C7B764 /* EmojiMemoryGame.swift */,
				49A8D6622775ED9E00E851ED /* ThemeStore.swift */,
			);
			path = ViewModels;
			sourceTree = "<group>";
		};
		498142452699F59500C7B764 /* Extensions */ = {
			isa = PBXGroup;
			children = (
				498142462699F5A600C7B764 /* Color+.swift */,
				49B943E1269F730200D9F90A /* View+.swift */,
				491B3A5C26A307AE0069F444 /* Array+.swift */,
				49A8D6662775FEDD00E851ED /* RangeReplaceableCollection+.swift */,
				49A8D6682775FF0F00E851ED /* Collection+.swift */,
				4943A5DF277A5979007671D9 /* Character+.swift */,
			);
			path = Extensions;
			sourceTree = "<group>";
		};
/* End PBXGroup section */

/* Begin PBXNativeTarget section */
		4981421326909A9100C7B764 /* Stanford_Memorize */ = {
			isa = PBXNativeTarget;
			buildConfigurationList = 4981422326909A9600C7B764 /* Build configuration list for PBXNativeTarget "Stanford_Memorize" */;
			buildPhases = (
				4981421026909A9100C7B764 /* Sources */,
				4981421126909A9100C7B764 /* Frameworks */,
				4981421226909A9100C7B764 /* Resources */,
			);
			buildRules = (
			);
			dependencies = (
			);
			name = Stanford_Memorize;
			productName = Stanford_Memorize;
			productReference = 4981421426909A9100C7B764 /* Stanford_Memorize.app */;
			productType = "com.apple.product-type.application";
		};
/* End PBXNativeTarget section */

/* Begin PBXProject section */
		4981420C26909A9100C7B764 /* Project object */ = {
			isa = PBXProject;
			attributes = {
				LastSwiftUpdateCheck = 1250;
				LastUpgradeCheck = 1250;
				TargetAttributes = {
					4981421326909A9100C7B764 = {
						CreatedOnToolsVersion = 12.5.1;
					};
				};
			};
			buildConfigurationList = 4981420F26909A9100C7B764 /* Build configuration list for PBXProject "Stanford_Memorize" */;
			compatibilityVersion = "Xcode 9.3";
			developmentRegion = en;
			hasScannedForEncodings = 0;
			knownRegions = (
				en,
				Base,
			);
			mainGroup = 4981420B26909A9100C7B764;
			productRefGroup = 4981421526909A9100C7B764 /* Products */;
			projectDirPath = "";
			projectRoot = "";
			targets = (
				4981421326909A9100C7B764 /* Stanford_Memorize */,
			);
		};
/* End PBXProject section */

/* Begin PBXResourcesBuildPhase section */
		4981421226909A9100C7B764 /* Resources */ = {
			isa = PBXResourcesBuildPhase;
			buildActionMask = 2147483647;
			files = (
				4981421F26909A9600C7B764 /* Preview Assets.xcassets in Resources */,
				4981421C26909A9600C7B764 /* Assets.xcassets in Resources */,
			);
			runOnlyForDeploymentPostprocessing = 0;
		};
/* End PBXResourcesBuildPhase section */

/* Begin PBXSourcesBuildPhase section */
		4981421026909A9100C7B764 /* Sources */ = {
			isa = PBXSourcesBuildPhase;
			buildActionMask = 2147483647;
			files = (
				498142302690BFAF00C7B764 /* ThemeListView.swift in Sources */,
				498142442699EA6C00C7B764 /* DefaultThemes.swift in Sources */,
				4942AB4426C1CACF00CF5B88 /* Cardify.swift in Sources */,
				4922B41626A5FEE5002A8109 /* Pie.swift in Sources */,
				49A8D6692775FF0F00E851ED /* Collection+.swift in Sources */,
				498142282690BF1800C7B764 /* MemoryGameView.swift in Sources */,
				49B943E2269F730200D9F90A /* View+.swift in Sources */,
				4943A5E2277A611D007671D9 /* ColourPreview.swift in Sources */,
				4943A5E0277A5979007671D9 /* Character+.swift in Sources */,
				4981422A2690BF2100C7B764 /* CardView.swift in Sources */,
				49A8D6652775FE7300E851ED /* ThemeEditor.swift in Sources */,
				4943A5DE277A4BC3007671D9 /* AddThemeView.swift in Sources */,
				4943A5E4277A6134007671D9 /* ColourChoice.swift in Sources */,
				4981422E2690BFA100C7B764 /* ThemeView.swift in Sources */,
				49A8D6632775ED9E00E851ED /* ThemeStore.swift in Sources */,
				498142402696212400C7B764 /* MemoryGame.swift in Sources */,
				49B0F915277B6CFC00483084 /* DrawingConstants.swift in Sources */,
				491B3A5F26A440F50069F444 /* AspectVGrid.swift in Sources */,
				4981421826909A9100C7B764 /* Stanford_MemorizeApp.swift in Sources */,
				498142372690C77300C7B764 /* ValidColour.swift in Sources */,
				498142332690C03500C7B764 /* Theme.swift in Sources */,
				49A8D6672775FEDD00E851ED /* RangeReplaceableCollection+.swift in Sources */,
				498142472699F5A600C7B764 /* Color+.swift in Sources */,
				491B3A5D26A307AE0069F444 /* Array+.swift in Sources */,
				498142422696237700C7B764 /* EmojiMemoryGame.swift in Sources */,
			);
			runOnlyForDeploymentPostprocessing = 0;
		};
/* End PBXSourcesBuildPhase section */

/* Begin XCBuildConfiguration section */
		4981422126909A9600C7B764 /* Debug */ = {
			isa = XCBuildConfiguration;
			buildSettings = {
				ALWAYS_SEARCH_USER_PATHS = NO;
				CLANG_ANALYZER_NONNULL = YES;
				CLANG_ANALYZER_NUMBER_OBJECT_CONVERSION = YES_AGGRESSIVE;
				CLANG_CXX_LANGUAGE_STANDARD = "gnu++14";
				CLANG_CXX_LIBRARY = "libc++";
				CLANG_ENABLE_MODULES = YES;
				CLANG_ENABLE_OBJC_ARC = YES;
				CLANG_ENABLE_OBJC_WEAK = YES;
				CLANG_WARN_BLOCK_CAPTURE_AUTORELEASING = YES;
				CLANG_WARN_BOOL_CONVERSION = YES;
				CLANG_WARN_COMMA = YES;
				CLANG_WARN_CONSTANT_CONVERSION = YES;
				CLANG_WARN_DEPRECATED_OBJC_IMPLEMENTATIONS = YES;
				CLANG_WARN_DIRECT_OBJC_ISA_USAGE = YES_ERROR;
				CLANG_WARN_DOCUMENTATION_COMMENTS = YES;
				CLANG_WARN_EMPTY_BODY = YES;
				CLANG_WARN_ENUM_CONVERSION = YES;
				CLANG_WARN_INFINITE_RECURSION = YES;
				CLANG_WARN_INT_CONVERSION = YES;
				CLANG_WARN_NON_LITERAL_NULL_CONVERSION = YES;
				CLANG_WARN_OBJC_IMPLICIT_RETAIN_SELF = YES;
				CLANG_WARN_OBJC_LITERAL_CONVERSION = YES;
				CLANG_WARN_OBJC_ROOT_CLASS = YES_ERROR;
				CLANG_WARN_QUOTED_INCLUDE_IN_FRAMEWORK_HEADER = YES;
				CLANG_WARN_RANGE_LOOP_ANALYSIS = YES;
				CLANG_WARN_STRICT_PROTOTYPES = YES;
				CLANG_WARN_SUSPICIOUS_MOVE = YES;
				CLANG_WARN_UNGUARDED_AVAILABILITY = YES_AGGRESSIVE;
				CLANG_WARN_UNREACHABLE_CODE = YES;
				CLANG_WARN__DUPLICATE_METHOD_MATCH = YES;
				COPY_PHASE_STRIP = NO;
				DEBUG_INFORMATION_FORMAT = dwarf;
				ENABLE_STRICT_OBJC_MSGSEND = YES;
				ENABLE_TESTABILITY = YES;
				GCC_C_LANGUAGE_STANDARD = gnu11;
				GCC_DYNAMIC_NO_PIC = NO;
				GCC_NO_COMMON_BLOCKS = YES;
				GCC_OPTIMIZATION_LEVEL = 0;
				GCC_PREPROCESSOR_DEFINITIONS = (
					"DEBUG=1",
					"$(inherited)",
				);
				GCC_WARN_64_TO_32_BIT_CONVERSION = YES;
				GCC_WARN_ABOUT_RETURN_TYPE = YES_ERROR;
				GCC_WARN_UNDECLARED_SELECTOR = YES;
				GCC_WARN_UNINITIALIZED_AUTOS = YES_AGGRESSIVE;
				GCC_WARN_UNUSED_FUNCTION = YES;
				GCC_WARN_UNUSED_VARIABLE = YES;
				IPHONEOS_DEPLOYMENT_TARGET = 14.5;
				MTL_ENABLE_DEBUG_INFO = INCLUDE_SOURCE;
				MTL_FAST_MATH = YES;
				ONLY_ACTIVE_ARCH = YES;
				SDKROOT = iphoneos;
				SWIFT_ACTIVE_COMPILATION_CONDITIONS = DEBUG;
				SWIFT_OPTIMIZATION_LEVEL = "-Onone";
			};
			name = Debug;
		};
		4981422226909A9600C7B764 /* Release */ = {
			isa = XCBuildConfiguration;
			buildSettings = {
				ALWAYS_SEARCH_USER_PATHS = NO;
				CLANG_ANALYZER_NONNULL = YES;
				CLANG_ANALYZER_NUMBER_OBJECT_CONVERSION = YES_AGGRESSIVE;
				CLANG_CXX_LANGUAGE_STANDARD = "gnu++14";
				CLANG_CXX_LIBRARY = "libc++";
				CLANG_ENABLE_MODULES = YES;
				CLANG_ENABLE_OBJC_ARC = YES;
				CLANG_ENABLE_OBJC_WEAK = YES;
				CLANG_WARN_BLOCK_CAPTURE_AUTORELEASING = YES;
				CLANG_WARN_BOOL_CONVERSION = YES;
				CLANG_WARN_COMMA = YES;
				CLANG_WARN_CONSTANT_CONVERSION = YES;
				CLANG_WARN_DEPRECATED_OBJC_IMPLEMENTATIONS = YES;
				CLANG_WARN_DIRECT_OBJC_ISA_USAGE = YES_ERROR;
				CLANG_WARN_DOCUMENTATION_COMMENTS = YES;
				CLANG_WARN_EMPTY_BODY = YES;
				CLANG_WARN_ENUM_CONVERSION = YES;
				CLANG_WARN_INFINITE_RECURSION = YES;
				CLANG_WARN_INT_CONVERSION = YES;
				CLANG_WARN_NON_LITERAL_NULL_CONVERSION = YES;
				CLANG_WARN_OBJC_IMPLICIT_RETAIN_SELF = YES;
				CLANG_WARN_OBJC_LITERAL_CONVERSION = YES;
				CLANG_WARN_OBJC_ROOT_CLASS = YES_ERROR;
				CLANG_WARN_QUOTED_INCLUDE_IN_FRAMEWORK_HEADER = YES;
				CLANG_WARN_RANGE_LOOP_ANALYSIS = YES;
				CLANG_WARN_STRICT_PROTOTYPES = YES;
				CLANG_WARN_SUSPICIOUS_MOVE = YES;
				CLANG_WARN_UNGUARDED_AVAILABILITY = YES_AGGRESSIVE;
				CLANG_WARN_UNREACHABLE_CODE = YES;
				CLANG_WARN__DUPLICATE_METHOD_MATCH = YES;
				COPY_PHASE_STRIP = NO;
				DEBUG_INFORMATION_FORMAT = "dwarf-with-dsym";
				ENABLE_NS_ASSERTIONS = NO;
				ENABLE_STRICT_OBJC_MSGSEND = YES;
				GCC_C_LANGUAGE_STANDARD = gnu11;
				GCC_NO_COMMON_BLOCKS = YES;
				GCC_WARN_64_TO_32_BIT_CONVERSION = YES;
				GCC_WARN_ABOUT_RETURN_TYPE = YES_ERROR;
				GCC_WARN_UNDECLARED_SELECTOR = YES;
				GCC_WARN_UNINITIALIZED_AUTOS = YES_AGGRESSIVE;
				GCC_WARN_UNUSED_FUNCTION = YES;
				GCC_WARN_UNUSED_VARIABLE = YES;
				IPHONEOS_DEPLOYMENT_TARGET = 14.5;
				MTL_ENABLE_DEBUG_INFO = NO;
				MTL_FAST_MATH = YES;
				SDKROOT = iphoneos;
				SWIFT_COMPILATION_MODE = wholemodule;
				SWIFT_OPTIMIZATION_LEVEL = "-O";
				VALIDATE_PRODUCT = YES;
			};
			name = Release;
		};
		4981422426909A9600C7B764 /* Debug */ = {
			isa = XCBuildConfiguration;
			buildSettings = {
				ASSETCATALOG_COMPILER_APPICON_NAME = AppIcon;
				ASSETCATALOG_COMPILER_GLOBAL_ACCENT_COLOR_NAME = AccentColor;
				CODE_SIGN_STYLE = Automatic;
				DEVELOPMENT_ASSET_PATHS = "\"Stanford_Memorize/Preview Content\"";
				DEVELOPMENT_TEAM = 78E2YLMF54;
				ENABLE_PREVIEWS = YES;
				INFOPLIST_FILE = Stanford_Memorize/Info.plist;
				IPHONEOS_DEPLOYMENT_TARGET = 14.0;
				LD_RUNPATH_SEARCH_PATHS = (
					"$(inherited)",
					"@executable_path/Frameworks",
				);
				PRODUCT_BUNDLE_IDENTIFIER = "com.steveblythe.Stanford-Memorize";
				PRODUCT_NAME = "$(TARGET_NAME)";
				SWIFT_VERSION = 5.0;
				TARGETED_DEVICE_FAMILY = "1,2";
			};
			name = Debug;
		};
		4981422526909A9600C7B764 /* Release */ = {
			isa = XCBuildConfiguration;
			buildSettings = {
				ASSETCATALOG_COMPILER_APPICON_NAME = AppIcon;
				ASSETCATALOG_COMPILER_GLOBAL_ACCENT_COLOR_NAME = AccentColor;
				CODE_SIGN_STYLE = Automatic;
				DEVELOPMENT_ASSET_PATHS = "\"Stanford_Memorize/Preview Content\"";
				DEVELOPMENT_TEAM = 78E2YLMF54;
				ENABLE_PREVIEWS = YES;
				INFOPLIST_FILE = Stanford_Memorize/Info.plist;
				IPHONEOS_DEPLOYMENT_TARGET = 14.0;
				LD_RUNPATH_SEARCH_PATHS = (
					"$(inherited)",
					"@executable_path/Frameworks",
				);
				PRODUCT_BUNDLE_IDENTIFIER = "com.steveblythe.Stanford-Memorize";
				PRODUCT_NAME = "$(TARGET_NAME)";
				SWIFT_VERSION = 5.0;
				TARGETED_DEVICE_FAMILY = "1,2";
			};
			name = Release;
		};
/* End XCBuildConfiguration section */

/* Begin XCConfigurationList section */
		4981420F26909A9100C7B764 /* Build configuration list for PBXProject "Stanford_Memorize" */ = {
			isa = XCConfigurationList;
			buildConfigurations = (
				4981422126909A9600C7B764 /* Debug */,
				4981422226909A9600C7B764 /* Release */,
			);
			defaultConfigurationIsVisible = 0;
			defaultConfigurationName = Release;
		};
		4981422326909A9600C7B764 /* Build configuration list for PBXNativeTarget "Stanford_Memorize" */ = {
			isa = XCConfigurationList;
			buildConfigurations = (
				4981422426909A9600C7B764 /* Debug */,
				4981422526909A9600C7B764 /* Release */,
			);
			defaultConfigurationIsVisible = 0;
			defaultConfigurationName = Release;
		};
/* End XCConfigurationList section */
	};
	rootObject = 4981420C26909A9100C7B764 /* Project object */;
}
